// !$*UTF8*$!
{
	archiveVersion = 1;
	classes = {
	};
	objectVersion = 56;
	objects = {

/* Begin PBXBuildFile section */
		6E265A2A2A03B6AD00AA5176 /* Weekly_GoalsApp.swift in Sources */ = {isa = PBXBuildFile; fileRef = 6E265A292A03B6AD00AA5176 /* Weekly_GoalsApp.swift */; };
		6E265A2C2A03B6AD00AA5176 /* ContentView.swift in Sources */ = {isa = PBXBuildFile; fileRef = 6E265A2B2A03B6AD00AA5176 /* ContentView.swift */; };
		6E265A2E2A03B6AE00AA5176 /* Assets.xcassets in Resources */ = {isa = PBXBuildFile; fileRef = 6E265A2D2A03B6AE00AA5176 /* Assets.xcassets */; };
		6E265A312A03B6AE00AA5176 /* Preview Assets.xcassets in Resources */ = {isa = PBXBuildFile; fileRef = 6E265A302A03B6AE00AA5176 /* Preview Assets.xcassets */; };
		6E265A332A03B6AE00AA5176 /* Persistence.swift in Sources */ = {isa = PBXBuildFile; fileRef = 6E265A322A03B6AE00AA5176 /* Persistence.swift */; };
		6E265A362A03B6AE00AA5176 /* Weekly_Goals.xcdatamodeld in Sources */ = {isa = PBXBuildFile; fileRef = 6E265A342A03B6AE00AA5176 /* Weekly_Goals.xcdatamodeld */; };
		6E265A3E2A04848900AA5176 /* Card+CoreDataClass.swift in Sources */ = {isa = PBXBuildFile; fileRef = 6E265A3C2A04848900AA5176 /* Card+CoreDataClass.swift */; };
		6E265A3F2A04848900AA5176 /* Card+CoreDataProperties.swift in Sources */ = {isa = PBXBuildFile; fileRef = 6E265A3D2A04848900AA5176 /* Card+CoreDataProperties.swift */; };
		6E265A442A04905600AA5176 /* CardVIew.swift in Sources */ = {isa = PBXBuildFile; fileRef = 6E265A432A04905600AA5176 /* CardVIew.swift */; };
		6E265A462A04906800AA5176 /* SheetView.swift in Sources */ = {isa = PBXBuildFile; fileRef = 6E265A452A04906700AA5176 /* SheetView.swift */; };
		6E265A482A04907C00AA5176 /* Model.swift in Sources */ = {isa = PBXBuildFile; fileRef = 6E265A472A04907C00AA5176 /* Model.swift */; };
/* End PBXBuildFile section */

/* Begin PBXFileReference section */
		6E265A262A03B6AD00AA5176 /* Weekly Goals.app */ = {isa = PBXFileReference; explicitFileType = wrapper.application; includeInIndex = 0; path = "Weekly Goals.app"; sourceTree = BUILT_PRODUCTS_DIR; };
		6E265A292A03B6AD00AA5176 /* Weekly_GoalsApp.swift */ = {isa = PBXFileReference; lastKnownFileType = sourcecode.swift; path = Weekly_GoalsApp.swift; sourceTree = "<group>"; };
		6E265A2B2A03B6AD00AA5176 /* ContentView.swift */ = {isa = PBXFileReference; lastKnownFileType = sourcecode.swift; path = ContentView.swift; sourceTree = "<group>"; };
		6E265A2D2A03B6AE00AA5176 /* Assets.xcassets */ = {isa = PBXFileReference; lastKnownFileType = folder.assetcatalog; path = Assets.xcassets; sourceTree = "<group>"; };
		6E265A302A03B6AE00AA5176 /* Preview Assets.xcassets */ = {isa = PBXFileReference; lastKnownFileType = folder.assetcatalog; path = "Preview Assets.xcassets"; sourceTree = "<group>"; };
		6E265A322A03B6AE00AA5176 /* Persistence.swift */ = {isa = PBXFileReference; lastKnownFileType = sourcecode.swift; path = Persistence.swift; sourceTree = "<group>"; };
		6E265A352A03B6AE00AA5176 /* Weekly_Goals.xcdatamodel */ = {isa = PBXFileReference; lastKnownFileType = wrapper.xcdatamodel; path = Weekly_Goals.xcdatamodel; sourceTree = "<group>"; };
		6E265A3C2A04848900AA5176 /* Card+CoreDataClass.swift */ = {isa = PBXFileReference; lastKnownFileType = sourcecode.swift; path = "Card+CoreDataClass.swift"; sourceTree = "<group>"; };
		6E265A3D2A04848900AA5176 /* Card+CoreDataProperties.swift */ = {isa = PBXFileReference; lastKnownFileType = sourcecode.swift; path = "Card+CoreDataProperties.swift"; sourceTree = "<group>"; };
		6E265A432A04905600AA5176 /* CardVIew.swift */ = {isa = PBXFileReference; lastKnownFileType = sourcecode.swift; path = CardVIew.swift; sourceTree = "<group>"; };
		6E265A452A04906700AA5176 /* SheetView.swift */ = {isa = PBXFileReference; lastKnownFileType = sourcecode.swift; path = SheetView.swift; sourceTree = "<group>"; };
		6E265A472A04907C00AA5176 /* Model.swift */ = {isa = PBXFileReference; lastKnownFileType = sourcecode.swift; path = Model.swift; sourceTree = "<group>"; };
/* End PBXFileReference section */

/* Begin PBXFrameworksBuildPhase section */
		6E265A232A03B6AD00AA5176 /* Frameworks */ = {
			isa = PBXFrameworksBuildPhase;
			buildActionMask = 2147483647;
			files = (
			);
			runOnlyForDeploymentPostprocessing = 0;
		};
/* End PBXFrameworksBuildPhase section */

/* Begin PBXGroup section */
		6E265A1D2A03B6AD00AA5176 = {
			isa = PBXGroup;
			children = (
				6E265A282A03B6AD00AA5176 /* Weekly Goals */,
				6E265A272A03B6AD00AA5176 /* Products */,
			);
			sourceTree = "<group>";
		};
		6E265A272A03B6AD00AA5176 /* Products */ = {
			isa = PBXGroup;
			children = (
				6E265A262A03B6AD00AA5176 /* Weekly Goals.app */,
			);
			name = Products;
			sourceTree = "<group>";
		};
		6E265A282A03B6AD00AA5176 /* Weekly Goals */ = {
			isa = PBXGroup;
			children = (
				6E265A292A03B6AD00AA5176 /* Weekly_GoalsApp.swift */,
				6E265A412A048FE300AA5176 /* View */,
				6E265A422A048FF500AA5176 /* Model */,
				6E265A402A048FD100AA5176 /* Data */,
				6E265A2D2A03B6AE00AA5176 /* Assets.xcassets */,
				6E265A2F2A03B6AE00AA5176 /* Preview Content */,
			);
			path = "Weekly Goals";
			sourceTree = "<group>";
		};
		6E265A2F2A03B6AE00AA5176 /* Preview Content */ = {
			isa = PBXGroup;
			children = (
				6E265A302A03B6AE00AA5176 /* Preview Assets.xcassets */,
			);
			path = "Preview Content";
			sourceTree = "<group>";
		};
		6E265A402A048FD100AA5176 /* Data */ = {
			isa = PBXGroup;
			children = (
				6E265A3D2A04848900AA5176 /* Card+CoreDataProperties.swift */,
				6E265A3C2A04848900AA5176 /* Card+CoreDataClass.swift */,
				6E265A322A03B6AE00AA5176 /* Persistence.swift */,
				6E265A342A03B6AE00AA5176 /* Weekly_Goals.xcdatamodeld */,
			);
			path = Data;
			sourceTree = "<group>";
		};
		6E265A412A048FE300AA5176 /* View */ = {
			isa = PBXGroup;
			children = (
				6E265A2B2A03B6AD00AA5176 /* ContentView.swift */,
				6E265A432A04905600AA5176 /* CardVIew.swift */,
				6E265A452A04906700AA5176 /* SheetView.swift */,
			);
			path = View;
			sourceTree = "<group>";
		};
		6E265A422A048FF500AA5176 /* Model */ = {
			isa = PBXGroup;
			children = (
				6E265A472A04907C00AA5176 /* Model.swift */,
			);
			path = Model;
			sourceTree = "<group>";
		};
/* End PBXGroup section */

/* Begin PBXNativeTarget section */
		6E265A252A03B6AD00AA5176 /* Weekly Goals */ = {
			isa = PBXNativeTarget;
			buildConfigurationList = 6E265A392A03B6AE00AA5176 /* Build configuration list for PBXNativeTarget "Weekly Goals" */;
			buildPhases = (
				6E265A222A03B6AD00AA5176 /* Sources */,
				6E265A232A03B6AD00AA5176 /* Frameworks */,
				6E265A242A03B6AD00AA5176 /* Resources */,
			);
			buildRules = (
			);
			dependencies = (
			);
			name = "Weekly Goals";
			productName = "Weekly Goals";
			productReference = 6E265A262A03B6AD00AA5176 /* Weekly Goals.app */;
			productType = "com.apple.product-type.application";
		};
/* End PBXNativeTarget section */

/* Begin PBXProject section */
		6E265A1E2A03B6AD00AA5176 /* Project object */ = {
			isa = PBXProject;
			attributes = {
				BuildIndependentTargetsInParallel = 1;
				LastSwiftUpdateCheck = 1430;
				LastUpgradeCheck = 1430;
				TargetAttributes = {
					6E265A252A03B6AD00AA5176 = {
						CreatedOnToolsVersion = 14.3;
					};
				};
			};
			buildConfigurationList = 6E265A212A03B6AD00AA5176 /* Build configuration list for PBXProject "Weekly Goals" */;
			compatibilityVersion = "Xcode 14.0";
			developmentRegion = en;
			hasScannedForEncodings = 0;
			knownRegions = (
				en,
				Base,
			);
			mainGroup = 6E265A1D2A03B6AD00AA5176;
			productRefGroup = 6E265A272A03B6AD00AA5176 /* Products */;
			projectDirPath = "";
			projectRoot = "";
			targets = (
				6E265A252A03B6AD00AA5176 /* Weekly Goals */,
			);
		};
/* End PBXProject section */

/* Begin PBXResourcesBuildPhase section */
		6E265A242A03B6AD00AA5176 /* Resources */ = {
			isa = PBXResourcesBuildPhase;
			buildActionMask = 2147483647;
			files = (
				6E265A312A03B6AE00AA5176 /* Preview Assets.xcassets in Resources */,
				6E265A2E2A03B6AE00AA5176 /* Assets.xcassets in Resources */,
			);
			runOnlyForDeploymentPostprocessing = 0;
		};
/* End PBXResourcesBuildPhase section */

/* Begin PBXSourcesBuildPhase section */
		6E265A222A03B6AD00AA5176 /* Sources */ = {
			isa = PBXSourcesBuildPhase;
			buildActionMask = 2147483647;
			files = (
				6E265A482A04907C00AA5176 /* Model.swift in Sources */,
				6E265A332A03B6AE00AA5176 /* Persistence.swift in Sources */,
				6E265A3E2A04848900AA5176 /* Card+CoreDataClass.swift in Sources */,
				6E265A2C2A03B6AD00AA5176 /* ContentView.swift in Sources */,
				6E265A3F2A04848900AA5176 /* Card+CoreDataProperties.swift in Sources */,
				6E265A2A2A03B6AD00AA5176 /* Weekly_GoalsApp.swift in Sources */,
				6E265A362A03B6AE00AA5176 /* Weekly_Goals.xcdatamodeld in Sources */,
				6E265A462A04906800AA5176 /* SheetView.swift in Sources */,
				6E265A442A04905600AA5176 /* CardVIew.swift in Sources */,
			);
			runOnlyForDeploymentPostprocessing = 0;
		};
/* End PBXSourcesBuildPhase section */

/* Begin XCBuildConfiguration section */
		6E265A372A03B6AE00AA5176 /* Debug */ = {
			isa = XCBuildConfiguration;
			buildSettings = {
				ALWAYS_SEARCH_USER_PATHS = NO;
				CLANG_ANALYZER_NONNULL = YES;
				CLANG_ANALYZER_NUMBER_OBJECT_CONVERSION = YES_AGGRESSIVE;
				CLANG_CXX_LANGUAGE_STANDARD = "gnu++20";
				CLANG_ENABLE_MODULES = YES;
				CLANG_ENABLE_OBJC_ARC = YES;
				CLANG_ENABLE_OBJC_WEAK = YES;
				CLANG_WARN_BLOCK_CAPTURE_AUTORELEASING = YES;
				CLANG_WARN_BOOL_CONVERSION = YES;
				CLANG_WARN_COMMA = YES;
				CLANG_WARN_CONSTANT_CONVERSION = YES;
				CLANG_WARN_DEPRECATED_OBJC_IMPLEMENTATIONS = YES;
				CLANG_WARN_DIRECT_OBJC_ISA_USAGE = YES_ERROR;
				CLANG_WARN_DOCUMENTATION_COMMENTS = YES;
				CLANG_WARN_EMPTY_BODY = YES;
				CLANG_WARN_ENUM_CONVERSION = YES;
				CLANG_WARN_INFINITE_RECURSION = YES;
				CLANG_WARN_INT_CONVERSION = YES;
				CLANG_WARN_NON_LITERAL_NULL_CONVERSION = YES;
				CLANG_WARN_OBJC_IMPLICIT_RETAIN_SELF = YES;
				CLANG_WARN_OBJC_LITERAL_CONVERSION = YES;
				CLANG_WARN_OBJC_ROOT_CLASS = YES_ERROR;
				CLANG_WARN_QUOTED_INCLUDE_IN_FRAMEWORK_HEADER = YES;
				CLANG_WARN_RANGE_LOOP_ANALYSIS = YES;
				CLANG_WARN_STRICT_PROTOTYPES = YES;
				CLANG_WARN_SUSPICIOUS_MOVE = YES;
				CLANG_WARN_UNGUARDED_AVAILABILITY = YES_AGGRESSIVE;
				CLANG_WARN_UNREACHABLE_CODE = YES;
				CLANG_WARN__DUPLICATE_METHOD_MATCH = YES;
				COPY_PHASE_STRIP = NO;
				DEBUG_INFORMATION_FORMAT = dwarf;
				ENABLE_STRICT_OBJC_MSGSEND = YES;
				ENABLE_TESTABILITY = YES;
				GCC_C_LANGUAGE_STANDARD = gnu11;
				GCC_DYNAMIC_NO_PIC = NO;
				GCC_NO_COMMON_BLOCKS = YES;
				GCC_OPTIMIZATION_LEVEL = 0;
				GCC_PREPROCESSOR_DEFINITIONS = (
					"DEBUG=1",
					"$(inherited)",
				);
				GCC_WARN_64_TO_32_BIT_CONVERSION = YES;
				GCC_WARN_ABOUT_RETURN_TYPE = YES_ERROR;
				GCC_WARN_UNDECLARED_SELECTOR = YES;
				GCC_WARN_UNINITIALIZED_AUTOS = YES_AGGRESSIVE;
				GCC_WARN_UNUSED_FUNCTION = YES;
				GCC_WARN_UNUSED_VARIABLE = YES;
				IPHONEOS_DEPLOYMENT_TARGET = 16.4;
				MTL_ENABLE_DEBUG_INFO = INCLUDE_SOURCE;
				MTL_FAST_MATH = YES;
				ONLY_ACTIVE_ARCH = YES;
				SDKROOT = iphoneos;
				SWIFT_ACTIVE_COMPILATION_CONDITIONS = DEBUG;
				SWIFT_OPTIMIZATION_LEVEL = "-Onone";
			};
			name = Debug;
		};
		6E265A382A03B6AE00AA5176 /* Release */ = {
			isa = XCBuildConfiguration;
			buildSettings = {
				ALWAYS_SEARCH_USER_PATHS = NO;
				CLANG_ANALYZER_NONNULL = YES;
				CLANG_ANALYZER_NUMBER_OBJECT_CONVERSION = YES_AGGRESSIVE;
				CLANG_CXX_LANGUAGE_STANDARD = "gnu++20";
				CLANG_ENABLE_MODULES = YES;
				CLANG_ENABLE_OBJC_ARC = YES;
				CLANG_ENABLE_OBJC_WEAK = YES;
				CLANG_WARN_BLOCK_CAPTURE_AUTORELEASING = YES;
				CLANG_WARN_BOOL_CONVERSION = YES;
				CLANG_WARN_COMMA = YES;
				CLANG_WARN_CONSTANT_CONVERSION = YES;
				CLANG_WARN_DEPRECATED_OBJC_IMPLEMENTATIONS = YES;
				CLANG_WARN_DIRECT_OBJC_ISA_USAGE = YES_ERROR;
				CLANG_WARN_DOCUMENTATION_COMMENTS = YES;
				CLANG_WARN_EMPTY_BODY = YES;
				CLANG_WARN_ENUM_CONVERSION = YES;
				CLANG_WARN_INFINITE_RECURSION = YES;
				CLANG_WARN_INT_CONVERSION = YES;
				CLANG_WARN_NON_LITERAL_NULL_CONVERSION = YES;
				CLANG_WARN_OBJC_IMPLICIT_RETAIN_SELF = YES;
				CLANG_WARN_OBJC_LITERAL_CONVERSION = YES;
				CLANG_WARN_OBJC_ROOT_CLASS = YES_ERROR;
				CLANG_WARN_QUOTED_INCLUDE_IN_FRAMEWORK_HEADER = YES;
				CLANG_WARN_RANGE_LOOP_ANALYSIS = YES;
				CLANG_WARN_STRICT_PROTOTYPES = YES;
				CLANG_WARN_SUSPICIOUS_MOVE = YES;
				CLANG_WARN_UNGUARDED_AVAILABILITY = YES_AGGRESSIVE;
				CLANG_WARN_UNREACHABLE_CODE = YES;
				CLANG_WARN__DUPLICATE_METHOD_MATCH = YES;
				COPY_PHASE_STRIP = NO;
				DEBUG_INFORMATION_FORMAT = "dwarf-with-dsym";
				ENABLE_NS_ASSERTIONS = NO;
				ENABLE_STRICT_OBJC_MSGSEND = YES;
				GCC_C_LANGUAGE_STANDARD = gnu11;
				GCC_NO_COMMON_BLOCKS = YES;
				GCC_WARN_64_TO_32_BIT_CONVERSION = YES;
				GCC_WARN_ABOUT_RETURN_TYPE = YES_ERROR;
				GCC_WARN_UNDECLARED_SELECTOR = YES;
				GCC_WARN_UNINITIALIZED_AUTOS = YES_AGGRESSIVE;
				GCC_WARN_UNUSED_FUNCTION = YES;
				GCC_WARN_UNUSED_VARIABLE = YES;
				IPHONEOS_DEPLOYMENT_TARGET = 16.4;
				MTL_ENABLE_DEBUG_INFO = NO;
				MTL_FAST_MATH = YES;
				SDKROOT = iphoneos;
				SWIFT_COMPILATION_MODE = wholemodule;
				SWIFT_OPTIMIZATION_LEVEL = "-O";
				VALIDATE_PRODUCT = YES;
			};
			name = Release;
		};
		6E265A3A2A03B6AE00AA5176 /* Debug */ = {
			isa = XCBuildConfiguration;
			buildSettings = {
				ASSETCATALOG_COMPILER_APPICON_NAME = AppIcon;
				ASSETCATALOG_COMPILER_GLOBAL_ACCENT_COLOR_NAME = AccentColor;
				CODE_SIGN_STYLE = Automatic;
				CURRENT_PROJECT_VERSION = 1;
				DEVELOPMENT_ASSET_PATHS = "\"Weekly Goals/Preview Content\"";
				DEVELOPMENT_TEAM = HL4876W82F;
				ENABLE_PREVIEWS = YES;
				GENERATE_INFOPLIST_FILE = YES;
				INFOPLIST_KEY_UIApplicationSceneManifest_Generation = YES;
				INFOPLIST_KEY_UIApplicationSupportsIndirectInputEvents = YES;
				INFOPLIST_KEY_UILaunchScreen_Generation = YES;
				INFOPLIST_KEY_UISupportedInterfaceOrientations_iPad = "UIInterfaceOrientationPortrait UIInterfaceOrientationPortraitUpsideDown UIInterfaceOrientationLandscapeLeft UIInterfaceOrientationLandscapeRight";
				INFOPLIST_KEY_UISupportedInterfaceOrientations_iPhone = "UIInterfaceOrientationPortrait UIInterfaceOrientationLandscapeLeft UIInterfaceOrientationLandscapeRight";
				LD_RUNPATH_SEARCH_PATHS = (
					"$(inherited)",
					"@executable_path/Frameworks",
				);
				MARKETING_VERSION = 1.0;
				PRODUCT_BUNDLE_IDENTIFIER = "shimayu.Weekly-Goals";
				PRODUCT_NAME = "$(TARGET_NAME)";
				SWIFT_EMIT_LOC_STRINGS = YES;
				SWIFT_VERSION = 5.0;
				TARGETED_DEVICE_FAMILY = "1,2";
			};
			name = Debug;
		};
		6E265A3B2A03B6AE00AA5176 /* Release */ = {
			isa = XCBuildConfiguration;
			buildSettings = {
				ASSETCATALOG_COMPILER_APPICON_NAME = AppIcon;
				ASSETCATALOG_COMPILER_GLOBAL_ACCENT_COLOR_NAME = AccentColor;
				CODE_SIGN_STYLE = Automatic;
				CURRENT_PROJECT_VERSION = 1;
				DEVELOPMENT_ASSET_PATHS = "\"Weekly Goals/Preview Content\"";
				DEVELOPMENT_TEAM = HL4876W82F;
				ENABLE_PREVIEWS = YES;
				GENERATE_INFOPLIST_FILE = YES;
				INFOPLIST_KEY_UIApplicationSceneManifest_Generation = YES;
				INFOPLIST_KEY_UIApplicationSupportsIndirectInputEvents = YES;
				INFOPLIST_KEY_UILaunchScreen_Generation = YES;
				INFOPLIST_KEY_UISupportedInterfaceOrientations_iPad = "UIInterfaceOrientationPortrait UIInterfaceOrientationPortraitUpsideDown UIInterfaceOrientationLandscapeLeft UIInterfaceOrientationLandscapeRight";
				INFOPLIST_KEY_UISupportedInterfaceOrientations_iPhone = "UIInterfaceOrientationPortrait UIInterfaceOrientationLandscapeLeft UIInterfaceOrientationLandscapeRight";
				LD_RUNPATH_SEARCH_PATHS = (
					"$(inherited)",
					"@executable_path/Frameworks",
				);
				MARKETING_VERSION = 1.0;
				PRODUCT_BUNDLE_IDENTIFIER = "shimayu.Weekly-Goals";
				PRODUCT_NAME = "$(TARGET_NAME)";
				SWIFT_EMIT_LOC_STRINGS = YES;
				SWIFT_VERSION = 5.0;
				TARGETED_DEVICE_FAMILY = "1,2";
			};
			name = Release;
		};
/* End XCBuildConfiguration section */

/* Begin XCConfigurationList section */
		6E265A212A03B6AD00AA5176 /* Build configuration list for PBXProject "Weekly Goals" */ = {
			isa = XCConfigurationList;
			buildConfigurations = (
				6E265A372A03B6AE00AA5176 /* Debug */,
				6E265A382A03B6AE00AA5176 /* Release */,
			);
			defaultConfigurationIsVisible = 0;
			defaultConfigurationName = Release;
		};
		6E265A392A03B6AE00AA5176 /* Build configuration list for PBXNativeTarget "Weekly Goals" */ = {
			isa = XCConfigurationList;
			buildConfigurations = (
				6E265A3A2A03B6AE00AA5176 /* Debug */,
				6E265A3B2A03B6AE00AA5176 /* Release */,
			);
			defaultConfigurationIsVisible = 0;
			defaultConfigurationName = Release;
		};
/* End XCConfigurationList section */

/* Begin XCVersionGroup section */
		6E265A342A03B6AE00AA5176 /* Weekly_Goals.xcdatamodeld */ = {
			isa = XCVersionGroup;
			children = (
				6E265A352A03B6AE00AA5176 /* Weekly_Goals.xcdatamodel */,
			);
			currentVersion = 6E265A352A03B6AE00AA5176 /* Weekly_Goals.xcdatamodel */;
			path = Weekly_Goals.xcdatamodeld;
			sourceTree = "<group>";
			versionGroupType = wrapper.xcdatamodel;
		};
/* End XCVersionGroup section */
	};
	rootObject = 6E265A1E2A03B6AD00AA5176 /* Project object */;
}
